{
  "nodes": {
    "fenix": {
      "inputs": {
        "naersk": "naersk",
        "nixpkgs": [
          "nixpkgs"
        ],
        "rust-analyzer-src": "rust-analyzer-src"
      },
      "locked": {
        "lastModified": 1617331534,
        "narHash": "sha256-tM0EggCNdDPvgznZqQG0EIECh71GqcMxs+32f8eyn9w=",
        "owner": "nix-community",
        "repo": "fenix",
        "rev": "ba0167976a65957ef1d4e569e39e89f77e53f3e3",
        "type": "github"
      },
      "original": {
        "owner": "nix-community",
        "repo": "fenix",
        "type": "github"
      }
    },
    "naersk": {
      "inputs": {
        "nixpkgs": [
          "nixpkgs"
        ]
      },
      "locked": {
        "lastModified": 1614785451,
        "narHash": "sha256-TPw8kQvr2UNCuvndtY+EjyXp6Q5GEW2l9UafXXh1XmI=",
        "owner": "nmattia",
        "repo": "naersk",
        "rev": "e0fe990b478a66178a58c69cf53daec0478ca6f9",
        "type": "github"
      },
      "original": {
        "owner": "nmattia",
        "repo": "naersk",
        "type": "github"
      }
    },
    "nixpkgs": {
      "locked": {
        "lastModified": 1617082367,
        "narHash": "sha256-W0cQPGjc4IVzryaGycuoS8KZkXafS1P23w/fcKLoD5Y=",
        "path": "/nix/store/fcznmw8i5jhbxc71jqfglw9zyjrbxy4r-source",
        "rev": "04a2b269d8921505a2969fc9ec25c1f517f2b307",
        "type": "path"
      },
      "original": {
        "id": "nixpkgs",
        "type": "indirect"
      }
    },
    "root": {
      "inputs": {
        "fenix": "fenix",
        "nixpkgs": "nixpkgs"
      }
    },
    "rust-analyzer-src": {
      "flake": false,
      "locked": {
        "lastModified": 1617312131,
        "narHash": "sha256-4bbUR4CuvobNljJ3MwfA0UyCUQGhjQ+MSm4iVM/tEN8=",
        "owner": "rust-analyzer",
        "repo": "rust-analyzer",
        "rev": "ea8feca31ade2b23d1e1b4cb7b0ad816de792acd",
        "type": "github"
      },
      "original": {
        "owner": "rust-analyzer",
        "ref": "nightly",
        "repo": "rust-analyzer",
        "type": "github"
      }
    }
  },
  "root": "root",
  "version": 7
}
